
Microsoft Visual Studio Solution File, Format Version 12.00
# Visual Studio Version 17
VisualStudioVersion = 17.9.34723.18
MinimumVisualStudioVersion = 10.0.40219.1
Project("{9A19103F-16F7-4668-BE54-9A1E7A4F7556}") = "Guide", "src\Guide\Guide.csproj", "{D47A1771-FC72-47A4-836E-74DBD633D36A}"
EndProject
Project("{9A19103F-16F7-4668-BE54-9A1E7A4F7556}") = "Guide.Client", "src\Guide.Client\Guide.Client.csproj", "{F4CC7098-F9B2-4D29-A307-C6B73A144C53}"
EndProject
Project("{2150E333-8FDC-42A3-9474-1A3956D46DE8}") = "Solution Items", "Solution Items", "{6D4EAD73-2E5E-44D3-A37E-425E41CDF3DB}"
	ProjectSection(SolutionItems) = preProject
		docker-compose.yml = docker-compose.yml
		Dockerfile = Dockerfile
	EndProjectSection
EndProject
Project("{FAE04EC0-301F-11D3-BF4B-00C04F79EFBC}") = "Guide.Domain", "src\Guide.Domain\Guide.Domain.csproj", "{DD2BF440-C551-4491-8D5C-B9CCF635C127}"
EndProject
Project("{FAE04EC0-301F-11D3-BF4B-00C04F79EFBC}") = "Guide.Infrastructure", "src\Guide.Infrastructure\Guide.Infrastructure.csproj", "{C2D27A3E-C690-408D-9934-F6697E775434}"
EndProject
Project("{FAE04EC0-301F-11D3-BF4B-00C04F79EFBC}") = "Guide.Application", "src\Guide.Application\Guide.Application.csproj", "{AE1D08D2-8833-4489-A84F-DEF2C99C904C}"
EndProject
Project("{FAE04EC0-301F-11D3-BF4B-00C04F79EFBC}") = "Guide.Shared", "src\Guide.Shared\Guide.Shared.csproj", "{BF601009-7DC8-42D2-A5B0-7FE5067ED3E6}"
EndProject
Project("{2150E333-8FDC-42A3-9474-1A3956D46DE8}") = "Presentation", "Presentation", "{454E0B67-8E87-4D7F-823E-FC7C71A81A29}"
EndProject
Global
	GlobalSection(SolutionConfigurationPlatforms) = preSolution
		Debug|Any CPU = Debug|Any CPU
		Release|Any CPU = Release|Any CPU
	EndGlobalSection
	GlobalSection(ProjectConfigurationPlatforms) = postSolution
		{D47A1771-FC72-47A4-836E-74DBD633D36A}.Debug|Any CPU.ActiveCfg = Debug|Any CPU
		{D47A1771-FC72-47A4-836E-74DBD633D36A}.Debug|Any CPU.Build.0 = Debug|Any CPU
		{D47A1771-FC72-47A4-836E-74DBD633D36A}.Release|Any CPU.ActiveCfg = Release|Any CPU
		{D47A1771-FC72-47A4-836E-74DBD633D36A}.Release|Any CPU.Build.0 = Release|Any CPU
		{F4CC7098-F9B2-4D29-A307-C6B73A144C53}.Debug|Any CPU.ActiveCfg = Debug|Any CPU
		{F4CC7098-F9B2-4D29-A307-C6B73A144C53}.Debug|Any CPU.Build.0 = Debug|Any CPU
		{F4CC7098-F9B2-4D29-A307-C6B73A144C53}.Release|Any CPU.ActiveCfg = Release|Any CPU
		{F4CC7098-F9B2-4D29-A307-C6B73A144C53}.Release|Any CPU.Build.0 = Release|Any CPU
		{DD2BF440-C551-4491-8D5C-B9CCF635C127}.Debug|Any CPU.ActiveCfg = Debug|Any CPU
		{DD2BF440-C551-4491-8D5C-B9CCF635C127}.Debug|Any CPU.Build.0 = Debug|Any CPU
		{DD2BF440-C551-4491-8D5C-B9CCF635C127}.Release|Any CPU.ActiveCfg = Release|Any CPU
		{DD2BF440-C551-4491-8D5C-B9CCF635C127}.Release|Any CPU.Build.0 = Release|Any CPU
		{C2D27A3E-C690-408D-9934-F6697E775434}.Debug|Any CPU.ActiveCfg = Debug|Any CPU
		{C2D27A3E-C690-408D-9934-F6697E775434}.Debug|Any CPU.Build.0 = Debug|Any CPU
		{C2D27A3E-C690-408D-9934-F6697E775434}.Release|Any CPU.ActiveCfg = Release|Any CPU
		{C2D27A3E-C690-408D-9934-F6697E775434}.Release|Any CPU.Build.0 = Release|Any CPU
		{AE1D08D2-8833-4489-A84F-DEF2C99C904C}.Debug|Any CPU.ActiveCfg = Debug|Any CPU
		{AE1D08D2-8833-4489-A84F-DEF2C99C904C}.Debug|Any CPU.Build.0 = Debug|Any CPU
		{AE1D08D2-8833-4489-A84F-DEF2C99C904C}.Release|Any CPU.ActiveCfg = Release|Any CPU
		{AE1D08D2-8833-4489-A84F-DEF2C99C904C}.Release|Any CPU.Build.0 = Release|Any CPU
		{BF601009-7DC8-42D2-A5B0-7FE5067ED3E6}.Debug|Any CPU.ActiveCfg = Debug|Any CPU
		{BF601009-7DC8-42D2-A5B0-7FE5067ED3E6}.Debug|Any CPU.Build.0 = Debug|Any CPU
		{BF601009-7DC8-42D2-A5B0-7FE5067ED3E6}.Release|Any CPU.ActiveCfg = Release|Any CPU
		{BF601009-7DC8-42D2-A5B0-7FE5067ED3E6}.Release|Any CPU.Build.0 = Release|Any CPU
	EndGlobalSection
	GlobalSection(SolutionProperties) = preSolution
		HideSolutionNode = FALSE
	EndGlobalSection
	GlobalSection(ExtensibilityGlobals) = postSolution
		SolutionGuid = {2F1058A1-7DA5-4E92-910C-6B867FA3DA6D}
	EndGlobalSection
	GlobalSection(NestedProjects) = preSolution
		{D47A1771-FC72-47A4-836E-74DBD633D36A} = {454E0B67-8E87-4D7F-823E-FC7C71A81A29}
		{F4CC7098-F9B2-4D29-A307-C6B73A144C53} = {454E0B67-8E87-4D7F-823E-FC7C71A81A29}
	EndGlobalSection
EndGlobal
